{
	"name": "markdowncompiler",
	"version": "1.0.0",
	"lockfileVersion": 3,
	"requires": true,
	"packages": {
		"": {
			"name": "markdowncompiler",
			"version": "1.0.0",
			"license": "MIT",
			"dependencies": {
				"ignore-walk": "^6.0.3",
				"yaml": "^2.3.1"
			},
			"bin": {
				"mdc": "dist/MarkdownCompiler.js"
			},
			"devDependencies": {
				"@types/ignore-walk": "^4.0.0",
				"@types/node": "^20.4.2"
			}
		},
		"node_modules/@types/ignore-walk": {
			"version": "4.0.0",
			"resolved": "https://registry.npmjs.org/@types/ignore-walk/-/ignore-walk-4.0.0.tgz",
			"integrity": "sha512-T5+1xZfSpgIz7FntMveRpKdLWZhPOidwaxVjUjGjyCXsaD2cVFr4a1+qd2HPcsM9qP0XBkg4jC9NdmuD3lZeqQ==",
			"dev": true,
			"dependencies": {
				"@types/node": "*"
			}
		},
		"node_modules/@types/node": {
			"version": "20.4.2",
			"resolved": "https://registry.npmjs.org/@types/node/-/node-20.4.2.tgz",
			"integrity": "sha512-Dd0BYtWgnWJKwO1jkmTrzofjK2QXXcai0dmtzvIBhcA+RsG5h8R3xlyta0kGOZRNfL9GuRtb1knmPEhQrePCEw==",
			"dev": true
		},
		"node_modules/balanced-match": {
			"version": "1.0.2",
			"resolved": "https://registry.npmjs.org/balanced-match/-/balanced-match-1.0.2.tgz",
			"integrity": "sha512-3oSeUO0TMV67hN1AmbXsK4yaqU7tjiHlbxRDZOpH0KW9+CeX4bRAaX0Anxt0tx2MrpRpWwQaPwIlISEJhYU5Pw=="
		},
		"node_modules/brace-expansion": {
			"version": "2.0.1",
			"resolved": "https://registry.npmjs.org/brace-expansion/-/brace-expansion-2.0.1.tgz",
			"integrity": "sha512-XnAIvQ8eM+kC6aULx6wuQiwVsnzsi9d3WxzV3FpWTGA19F621kwdbsAcFKXgKUHZWsy+mY6iL1sHTxWEFCytDA==",
			"dependencies": {
				"balanced-match": "^1.0.0"
			}
		},
		"node_modules/ignore-walk": {
			"version": "6.0.3",
			"resolved": "https://registry.npmjs.org/ignore-walk/-/ignore-walk-6.0.3.tgz",
			"integrity": "sha512-C7FfFoTA+bI10qfeydT8aZbvr91vAEU+2W5BZUlzPec47oNb07SsOfwYrtxuvOYdUApPP/Qlh4DtAO51Ekk2QA==",
			"dependencies": {
				"minimatch": "^9.0.0"
			},
			"engines": {
				"node": "^14.17.0 || ^16.13.0 || >=18.0.0"
			}
		},
		"node_modules/minimatch": {
			"version": "9.0.3",
			"resolved": "https://registry.npmjs.org/minimatch/-/minimatch-9.0.3.tgz",
			"integrity": "sha512-RHiac9mvaRw0x3AYRgDC1CxAP7HTcNrrECeA8YYJeWnpo+2Q5CegtZjaotWTWxDG3UeGA1coE05iH1mPjT/2mg==",
			"dependencies": {
				"brace-expansion": "^2.0.1"
			},
			"engines": {
				"node": ">=16 || 14 >=14.17"
			},
			"funding": {
				"url": "https://github.com/sponsors/isaacs"
			}
		},
		"node_modules/yaml": {
			"version": "2.3.1",
			"resolved": "https://registry.npmjs.org/yaml/-/yaml-2.3.1.tgz",
			"integrity": "sha512-2eHWfjaoXgTBC2jNM1LRef62VQa0umtvRiDSk6HSzW7RvS5YtkabJrwYLLEKWBc8a5U2PTSCs+dJjUTJdlHsWQ==",
			"engines": {
				"node": ">= 14"
			}
		}
	}
}
